
Microsoft Visual Studio Solution File, Format Version 12.00
# Visual Studio Version 16
VisualStudioVersion = 16.0.30225.117
MinimumVisualStudioVersion = 10.0.40219.1
Project("{9A19103F-16F7-4668-BE54-9A1E7A4F7556}") = "TaxiFarePrediction", "TaxiFarePrediction\TaxiFarePredictionConsoleApp\TaxiFarePrediction.csproj", "{A42AB956-F333-4A8E-9022-B9B5F298AC58}"
EndProject
Project("{FAE04EC0-301F-11D3-BF4B-00C04F79EFBC}") = "XamlBrewer.UWP.WinML.Sample", "XamlBrewer.UWP.WinML.Sample\XamlBrewer.UWP.WinML.Sample.csproj", "{1CB2CB4D-BC34-48CD-8CD5-9CBBF24CE3A5}"
EndProject
Global
	GlobalSection(SolutionConfigurationPlatforms) = preSolution
		Debug|Any CPU = Debug|Any CPU
		Debug|ARM = Debug|ARM
		Debug|ARM64 = Debug|ARM64
		Debug|x64 = Debug|x64
		Debug|x86 = Debug|x86
		Release|Any CPU = Release|Any CPU
		Release|ARM = Release|ARM
		Release|ARM64 = Release|ARM64
		Release|x64 = Release|x64
		Release|x86 = Release|x86
	EndGlobalSection
	GlobalSection(ProjectConfigurationPlatforms) = postSolution
		{A42AB956-F333-4A8E-9022-B9B5F298AC58}.Debug|Any CPU.ActiveCfg = Debug|Any CPU
		{A42AB956-F333-4A8E-9022-B9B5F298AC58}.Debug|Any CPU.Build.0 = Debug|Any CPU
		{A42AB956-F333-4A8E-9022-B9B5F298AC58}.Debug|ARM.ActiveCfg = Debug|Any CPU
		{A42AB956-F333-4A8E-9022-B9B5F298AC58}.Debug|ARM.Build.0 = Debug|Any CPU
		{A42AB956-F333-4A8E-9022-B9B5F298AC58}.Debug|ARM64.ActiveCfg = Debug|Any CPU
		{A42AB956-F333-4A8E-9022-B9B5F298AC58}.Debug|ARM64.Build.0 = Debug|Any CPU
		{A42AB956-F333-4A8E-9022-B9B5F298AC58}.Debug|x64.ActiveCfg = Debug|Any CPU
		{A42AB956-F333-4A8E-9022-B9B5F298AC58}.Debug|x64.Build.0 = Debug|Any CPU
		{A42AB956-F333-4A8E-9022-B9B5F298AC58}.Debug|x86.ActiveCfg = Debug|Any CPU
		{A42AB956-F333-4A8E-9022-B9B5F298AC58}.Debug|x86.Build.0 = Debug|Any CPU
		{A42AB956-F333-4A8E-9022-B9B5F298AC58}.Release|Any CPU.ActiveCfg = Release|Any CPU
		{A42AB956-F333-4A8E-9022-B9B5F298AC58}.Release|Any CPU.Build.0 = Release|Any CPU
		{A42AB956-F333-4A8E-9022-B9B5F298AC58}.Release|ARM.ActiveCfg = Release|Any CPU
		{A42AB956-F333-4A8E-9022-B9B5F298AC58}.Release|ARM.Build.0 = Release|Any CPU
		{A42AB956-F333-4A8E-9022-B9B5F298AC58}.Release|ARM64.ActiveCfg = Release|Any CPU
		{A42AB956-F333-4A8E-9022-B9B5F298AC58}.Release|ARM64.Build.0 = Release|Any CPU
		{A42AB956-F333-4A8E-9022-B9B5F298AC58}.Release|x64.ActiveCfg = Release|Any CPU
		{A42AB956-F333-4A8E-9022-B9B5F298AC58}.Release|x64.Build.0 = Release|Any CPU
		{A42AB956-F333-4A8E-9022-B9B5F298AC58}.Release|x86.ActiveCfg = Release|Any CPU
		{A42AB956-F333-4A8E-9022-B9B5F298AC58}.Release|x86.Build.0 = Release|Any CPU
		{1CB2CB4D-BC34-48CD-8CD5-9CBBF24CE3A5}.Debug|Any CPU.ActiveCfg = Debug|x86
		{1CB2CB4D-BC34-48CD-8CD5-9CBBF24CE3A5}.Debug|ARM.ActiveCfg = Debug|ARM
		{1CB2CB4D-BC34-48CD-8CD5-9CBBF24CE3A5}.Debug|ARM.Build.0 = Debug|ARM
		{1CB2CB4D-BC34-48CD-8CD5-9CBBF24CE3A5}.Debug|ARM.Deploy.0 = Debug|ARM
		{1CB2CB4D-BC34-48CD-8CD5-9CBBF24CE3A5}.Debug|ARM64.ActiveCfg = Debug|ARM64
		{1CB2CB4D-BC34-48CD-8CD5-9CBBF24CE3A5}.Debug|ARM64.Build.0 = Debug|ARM64
		{1CB2CB4D-BC34-48CD-8CD5-9CBBF24CE3A5}.Debug|ARM64.Deploy.0 = Debug|ARM64
		{1CB2CB4D-BC34-48CD-8CD5-9CBBF24CE3A5}.Debug|x64.ActiveCfg = Debug|x64
		{1CB2CB4D-BC34-48CD-8CD5-9CBBF24CE3A5}.Debug|x64.Build.0 = Debug|x64
		{1CB2CB4D-BC34-48CD-8CD5-9CBBF24CE3A5}.Debug|x64.Deploy.0 = Debug|x64
		{1CB2CB4D-BC34-48CD-8CD5-9CBBF24CE3A5}.Debug|x86.ActiveCfg = Debug|x86
		{1CB2CB4D-BC34-48CD-8CD5-9CBBF24CE3A5}.Debug|x86.Build.0 = Debug|x86
		{1CB2CB4D-BC34-48CD-8CD5-9CBBF24CE3A5}.Debug|x86.Deploy.0 = Debug|x86
		{1CB2CB4D-BC34-48CD-8CD5-9CBBF24CE3A5}.Release|Any CPU.ActiveCfg = Release|x86
		{1CB2CB4D-BC34-48CD-8CD5-9CBBF24CE3A5}.Release|ARM.ActiveCfg = Release|ARM
		{1CB2CB4D-BC34-48CD-8CD5-9CBBF24CE3A5}.Release|ARM.Build.0 = Release|ARM
		{1CB2CB4D-BC34-48CD-8CD5-9CBBF24CE3A5}.Release|ARM.Deploy.0 = Release|ARM
		{1CB2CB4D-BC34-48CD-8CD5-9CBBF24CE3A5}.Release|ARM64.ActiveCfg = Release|ARM64
		{1CB2CB4D-BC34-48CD-8CD5-9CBBF24CE3A5}.Release|ARM64.Build.0 = Release|ARM64
		{1CB2CB4D-BC34-48CD-8CD5-9CBBF24CE3A5}.Release|ARM64.Deploy.0 = Release|ARM64
		{1CB2CB4D-BC34-48CD-8CD5-9CBBF24CE3A5}.Release|x64.ActiveCfg = Release|x64
		{1CB2CB4D-BC34-48CD-8CD5-9CBBF24CE3A5}.Release|x64.Build.0 = Release|x64
		{1CB2CB4D-BC34-48CD-8CD5-9CBBF24CE3A5}.Release|x64.Deploy.0 = Release|x64
		{1CB2CB4D-BC34-48CD-8CD5-9CBBF24CE3A5}.Release|x86.ActiveCfg = Release|x86
		{1CB2CB4D-BC34-48CD-8CD5-9CBBF24CE3A5}.Release|x86.Build.0 = Release|x86
		{1CB2CB4D-BC34-48CD-8CD5-9CBBF24CE3A5}.Release|x86.Deploy.0 = Release|x86
	EndGlobalSection
	GlobalSection(SolutionProperties) = preSolution
		HideSolutionNode = FALSE
	EndGlobalSection
	GlobalSection(ExtensibilityGlobals) = postSolution
		SolutionGuid = {03B2ECD4-DB23-45C5-B653-8143F58FACB2}
	EndGlobalSection
EndGlobal
